{"filter":false,"title":"Gemfile.lock","tooltip":"/Gemfile.lock","undoManager":{"mark":-1,"position":-1,"stack":[]},"ace":{"folds":[],"scrolltop":330.5,"scrollleft":0,"selection":{"start":{"row":41,"column":4},"end":{"row":41,"column":7},"isBackwards":false},"options":{"guessTabSize":true,"useWrapMode":false,"wrapToView":true},"firstLineState":{"row":22,"state":"start","mode":"ace/mode/text"}},"timestamp":1418589414141,"hash":"ee0e6a9a773fa6e3cb90940ac1961d975e9230b3"}